// !$*UTF8*$!
{
	archiveVersion = 1;
	classes = {
	};
	objectVersion = 55;
	objects = {

/* Begin PBXBuildFile section */
		15E053AA35DD29733DCCC385 /* Pods_LiveStreamingPracticeTests.framework in Frameworks */ = {isa = PBXBuildFile; fileRef = 2159C5167A9965B631368A01 /* Pods_LiveStreamingPracticeTests.framework */; };
		45D2E4A3F7E48FF2072F5E53 /* Pods_LiveStreamingPractice.framework in Frameworks */ = {isa = PBXBuildFile; fileRef = 97BD363E8A1F5C2B7411FEBF /* Pods_LiveStreamingPractice.framework */; };
		4B0EE766281102ED00D34A42 /* AnimationTabBar.swift in Sources */ = {isa = PBXBuildFile; fileRef = 4B0EE765281102ED00D34A42 /* AnimationTabBar.swift */; };
		4B0EE76B28115FE500D34A42 /* welcome.json in Resources */ = {isa = PBXBuildFile; fileRef = 4B0EE76A28115FE500D34A42 /* welcome.json */; };
		4B2831382807EE9B00BEFA76 /* Chatroom.swift in Sources */ = {isa = PBXBuildFile; fileRef = 4B2831372807EE9B00BEFA76 /* Chatroom.swift */; };
		4B385B2B2812437E00D6C942 /* loveStreamer.json in Resources */ = {isa = PBXBuildFile; fileRef = 4B385B2A2812437E00D6C942 /* loveStreamer.json */; };
		4B4B3DEB27F1B59D008B1652 /* AppDelegate.swift in Sources */ = {isa = PBXBuildFile; fileRef = 4B4B3DEA27F1B59D008B1652 /* AppDelegate.swift */; };
		4B4B3DED27F1B59D008B1652 /* SceneDelegate.swift in Sources */ = {isa = PBXBuildFile; fileRef = 4B4B3DEC27F1B59D008B1652 /* SceneDelegate.swift */; };
		4B4B3DEF27F1B59D008B1652 /* StreamerVideoVC.swift in Sources */ = {isa = PBXBuildFile; fileRef = 4B4B3DEE27F1B59D008B1652 /* StreamerVideoVC.swift */; };
		4B4B3DF227F1B59D008B1652 /* Main.storyboard in Resources */ = {isa = PBXBuildFile; fileRef = 4B4B3DF027F1B59D008B1652 /* Main.storyboard */; };
		4B4B3DF427F1B5A1008B1652 /* Assets.xcassets in Resources */ = {isa = PBXBuildFile; fileRef = 4B4B3DF327F1B5A1008B1652 /* Assets.xcassets */; };
		4B4B3DF727F1B5A1008B1652 /* LaunchScreen.storyboard in Resources */ = {isa = PBXBuildFile; fileRef = 4B4B3DF527F1B5A1008B1652 /* LaunchScreen.storyboard */; };
		4B4B3E0227F1B5A2008B1652 /* LiveStreamingPracticeTests.swift in Sources */ = {isa = PBXBuildFile; fileRef = 4B4B3E0127F1B5A2008B1652 /* LiveStreamingPracticeTests.swift */; };
		4B4B3E0C27F1B5A2008B1652 /* LiveStreamingPracticeUITests.swift in Sources */ = {isa = PBXBuildFile; fileRef = 4B4B3E0B27F1B5A2008B1652 /* LiveStreamingPracticeUITests.swift */; };
		4B4B3E0E27F1B5A2008B1652 /* LiveStreamingPracticeUITestsLaunchTests.swift in Sources */ = {isa = PBXBuildFile; fileRef = 4B4B3E0D27F1B5A2008B1652 /* LiveStreamingPracticeUITestsLaunchTests.swift */; };
		4B7B5C682803D3D9002CFC89 /* PasswordTextField.swift in Sources */ = {isa = PBXBuildFile; fileRef = 4B7B5C672803D3D9002CFC89 /* PasswordTextField.swift */; };
		4BC2CE3128066C6D00AAF8D8 /* SearchHeaderCollectionReusableView.swift in Sources */ = {isa = PBXBuildFile; fileRef = 4BC2CE3028066C6D00AAF8D8 /* SearchHeaderCollectionReusableView.swift */; };
		4BC2CE332806766800AAF8D8 /* ChatroomTableViewCell.swift in Sources */ = {isa = PBXBuildFile; fileRef = 4BC2CE322806766800AAF8D8 /* ChatroomTableViewCell.swift */; };
		4BC6CE5327F2986300964EA2 /* HomePageVC.swift in Sources */ = {isa = PBXBuildFile; fileRef = 4BC6CE5227F2986300964EA2 /* HomePageVC.swift */; };
		4BC6CE5527F298D600964EA2 /* SearchVC.swift in Sources */ = {isa = PBXBuildFile; fileRef = 4BC6CE5427F298D600964EA2 /* SearchVC.swift */; };
		4BC6CE5727F2990800964EA2 /* PersonalVC.swift in Sources */ = {isa = PBXBuildFile; fileRef = 4BC6CE5627F2990800964EA2 /* PersonalVC.swift */; };
		4BC6CE5927F2B0C000964EA2 /* GoogleService-Info.plist in Resources */ = {isa = PBXBuildFile; fileRef = 4BC6CE5827F2B0C000964EA2 /* GoogleService-Info.plist */; };
		4BC6CEA827F2FB0600964EA2 /* RegisterVC.swift in Sources */ = {isa = PBXBuildFile; fileRef = 4BC6CEA727F2FB0600964EA2 /* RegisterVC.swift */; };
		4BC6CEAA27F3093400964EA2 /* SetAvatorVC.swift in Sources */ = {isa = PBXBuildFile; fileRef = 4BC6CEA927F3093400964EA2 /* SetAvatorVC.swift */; };
		4BC6CEAC27F409C700964EA2 /* CustomCollectionViewCell.swift in Sources */ = {isa = PBXBuildFile; fileRef = 4BC6CEAB27F409C700964EA2 /* CustomCollectionViewCell.swift */; };
		4BC6CEAF27F4349100964EA2 /* MemberInfoVC.swift in Sources */ = {isa = PBXBuildFile; fileRef = 4BC6CEAE27F4349100964EA2 /* MemberInfoVC.swift */; };
		4BC6CED127F43A0D00964EA2 /* hime3.mp4 in Resources */ = {isa = PBXBuildFile; fileRef = 4BC6CED027F43A0D00964EA2 /* hime3.mp4 */; };
		4BC6CED827F5730000964EA2 /* Streamers.swift in Sources */ = {isa = PBXBuildFile; fileRef = 4BC6CED727F5730000964EA2 /* Streamers.swift */; };
		4BC6CEFF27F5893500964EA2 /* Streamers.json in Resources */ = {isa = PBXBuildFile; fileRef = 4BC6CEFE27F5893500964EA2 /* Streamers.json */; };
		4BC6CF0127F68BB400964EA2 /* SearchCollectionViewCell.swift in Sources */ = {isa = PBXBuildFile; fileRef = 4BC6CF0027F68BB400964EA2 /* SearchCollectionViewCell.swift */; };
		4BFBEEAA28065BBE006E27FC /* HomeHeaderCollectionReusableView.swift in Sources */ = {isa = PBXBuildFile; fileRef = 4BFBEEA928065BBE006E27FC /* HomeHeaderCollectionReusableView.swift */; };
		721C53182817E55000AA5930 /* Toast in Frameworks */ = {isa = PBXBuildFile; productRef = 721C53172817E55000AA5930 /* Toast */; };
		72322E9D281A293C007BB54A /* StreamerInfoVC.swift in Sources */ = {isa = PBXBuildFile; fileRef = 72322E9C281A293C007BB54A /* StreamerInfoVC.swift */; };
		72322E9F281A610D007BB54A /* StreamerGiftVC.swift in Sources */ = {isa = PBXBuildFile; fileRef = 72322E9E281A610D007BB54A /* StreamerGiftVC.swift */; };
		72322EA4281A6AF5007BB54A /* rocketGift.json in Resources */ = {isa = PBXBuildFile; fileRef = 72322EA0281A6AF5007BB54A /* rocketGift.json */; };
		72322EA5281A6AF5007BB54A /* helicopterGift.json in Resources */ = {isa = PBXBuildFile; fileRef = 72322EA1281A6AF5007BB54A /* helicopterGift.json */; };
		72322EA6281A6AF5007BB54A /* carGift.json in Resources */ = {isa = PBXBuildFile; fileRef = 72322EA2281A6AF5007BB54A /* carGift.json */; };
		72322EA7281A6AF5007BB54A /* yachtGift.json in Resources */ = {isa = PBXBuildFile; fileRef = 72322EA3281A6AF5007BB54A /* yachtGift.json */; };
		72FC074728166ABD00A2013B /* Localizable.strings in Resources */ = {isa = PBXBuildFile; fileRef = 72FC074928166ABD00A2013B /* Localizable.strings */; };
		72FE14A528210CFE0099C245 /* CustomView.swift in Sources */ = {isa = PBXBuildFile; fileRef = 72FE14A428210CFE0099C245 /* CustomView.swift */; };
		72FE14A728210D1D0099C245 /* CustomView.xib in Resources */ = {isa = PBXBuildFile; fileRef = 72FE14A628210D1D0099C245 /* CustomView.xib */; };
		8CA6DF2B351CCABA87D7DFD5 /* Pods_LiveStreamingPractice_LiveStreamingPracticeUITests.framework in Frameworks */ = {isa = PBXBuildFile; fileRef = 0A1E889AC152B6DA6930872A /* Pods_LiveStreamingPractice_LiveStreamingPracticeUITests.framework */; };
/* End PBXBuildFile section */

/* Begin PBXContainerItemProxy section */
		4B4B3DFE27F1B5A2008B1652 /* PBXContainerItemProxy */ = {
			isa = PBXContainerItemProxy;
			containerPortal = 4B4B3DDF27F1B59D008B1652 /* Project object */;
			proxyType = 1;
			remoteGlobalIDString = 4B4B3DE627F1B59D008B1652;
			remoteInfo = LiveStreamingPractice;
		};
		4B4B3E0827F1B5A2008B1652 /* PBXContainerItemProxy */ = {
			isa = PBXContainerItemProxy;
			containerPortal = 4B4B3DDF27F1B59D008B1652 /* Project object */;
			proxyType = 1;
			remoteGlobalIDString = 4B4B3DE627F1B59D008B1652;
			remoteInfo = LiveStreamingPractice;
		};
/* End PBXContainerItemProxy section */

/* Begin PBXFileReference section */
		0A1E889AC152B6DA6930872A /* Pods_LiveStreamingPractice_LiveStreamingPracticeUITests.framework */ = {isa = PBXFileReference; explicitFileType = wrapper.framework; includeInIndex = 0; path = Pods_LiveStreamingPractice_LiveStreamingPracticeUITests.framework; sourceTree = BUILT_PRODUCTS_DIR; };
		2159C5167A9965B631368A01 /* Pods_LiveStreamingPracticeTests.framework */ = {isa = PBXFileReference; explicitFileType = wrapper.framework; includeInIndex = 0; path = Pods_LiveStreamingPracticeTests.framework; sourceTree = BUILT_PRODUCTS_DIR; };
		4B0EE765281102ED00D34A42 /* AnimationTabBar.swift */ = {isa = PBXFileReference; lastKnownFileType = sourcecode.swift; path = AnimationTabBar.swift; sourceTree = "<group>"; };
		4B0EE76A28115FE500D34A42 /* welcome.json */ = {isa = PBXFileReference; fileEncoding = 4; lastKnownFileType = text.json; path = welcome.json; sourceTree = "<group>"; };
		4B2831372807EE9B00BEFA76 /* Chatroom.swift */ = {isa = PBXFileReference; lastKnownFileType = sourcecode.swift; path = Chatroom.swift; sourceTree = "<group>"; };
		4B385B2A2812437E00D6C942 /* loveStreamer.json */ = {isa = PBXFileReference; fileEncoding = 4; lastKnownFileType = text.json; path = loveStreamer.json; sourceTree = "<group>"; };
		4B4B3DE727F1B59D008B1652 /* LiveStreamingPractice.app */ = {isa = PBXFileReference; explicitFileType = wrapper.application; includeInIndex = 0; path = LiveStreamingPractice.app; sourceTree = BUILT_PRODUCTS_DIR; };
		4B4B3DEA27F1B59D008B1652 /* AppDelegate.swift */ = {isa = PBXFileReference; lastKnownFileType = sourcecode.swift; path = AppDelegate.swift; sourceTree = "<group>"; };
		4B4B3DEC27F1B59D008B1652 /* SceneDelegate.swift */ = {isa = PBXFileReference; lastKnownFileType = sourcecode.swift; path = SceneDelegate.swift; sourceTree = "<group>"; };
		4B4B3DEE27F1B59D008B1652 /* StreamerVideoVC.swift */ = {isa = PBXFileReference; lastKnownFileType = sourcecode.swift; path = StreamerVideoVC.swift; sourceTree = "<group>"; };
		4B4B3DF127F1B59D008B1652 /* Base */ = {isa = PBXFileReference; lastKnownFileType = file.storyboard; name = Base; path = Base.lproj/Main.storyboard; sourceTree = "<group>"; };
		4B4B3DF327F1B5A1008B1652 /* Assets.xcassets */ = {isa = PBXFileReference; lastKnownFileType = folder.assetcatalog; path = Assets.xcassets; sourceTree = "<group>"; };
		4B4B3DF627F1B5A1008B1652 /* Base */ = {isa = PBXFileReference; lastKnownFileType = file.storyboard; name = Base; path = Base.lproj/LaunchScreen.storyboard; sourceTree = "<group>"; };
		4B4B3DF827F1B5A1008B1652 /* Info.plist */ = {isa = PBXFileReference; lastKnownFileType = text.plist.xml; path = Info.plist; sourceTree = "<group>"; };
		4B4B3DFD27F1B5A2008B1652 /* LiveStreamingPracticeTests.xctest */ = {isa = PBXFileReference; explicitFileType = wrapper.cfbundle; includeInIndex = 0; path = LiveStreamingPracticeTests.xctest; sourceTree = BUILT_PRODUCTS_DIR; };
		4B4B3E0127F1B5A2008B1652 /* LiveStreamingPracticeTests.swift */ = {isa = PBXFileReference; lastKnownFileType = sourcecode.swift; path = LiveStreamingPracticeTests.swift; sourceTree = "<group>"; };
		4B4B3E0727F1B5A2008B1652 /* LiveStreamingPracticeUITests.xctest */ = {isa = PBXFileReference; explicitFileType = wrapper.cfbundle; includeInIndex = 0; path = LiveStreamingPracticeUITests.xctest; sourceTree = BUILT_PRODUCTS_DIR; };
		4B4B3E0B27F1B5A2008B1652 /* LiveStreamingPracticeUITests.swift */ = {isa = PBXFileReference; lastKnownFileType = sourcecode.swift; path = LiveStreamingPracticeUITests.swift; sourceTree = "<group>"; };
		4B4B3E0D27F1B5A2008B1652 /* LiveStreamingPracticeUITestsLaunchTests.swift */ = {isa = PBXFileReference; lastKnownFileType = sourcecode.swift; path = LiveStreamingPracticeUITestsLaunchTests.swift; sourceTree = "<group>"; };
		4B7B5C672803D3D9002CFC89 /* PasswordTextField.swift */ = {isa = PBXFileReference; lastKnownFileType = sourcecode.swift; path = PasswordTextField.swift; sourceTree = "<group>"; };
		4BC2CE3028066C6D00AAF8D8 /* SearchHeaderCollectionReusableView.swift */ = {isa = PBXFileReference; lastKnownFileType = sourcecode.swift; path = SearchHeaderCollectionReusableView.swift; sourceTree = "<group>"; };
		4BC2CE322806766800AAF8D8 /* ChatroomTableViewCell.swift */ = {isa = PBXFileReference; lastKnownFileType = sourcecode.swift; path = ChatroomTableViewCell.swift; sourceTree = "<group>"; };
		4BC6CE5227F2986300964EA2 /* HomePageVC.swift */ = {isa = PBXFileReference; lastKnownFileType = sourcecode.swift; path = HomePageVC.swift; sourceTree = "<group>"; };
		4BC6CE5427F298D600964EA2 /* SearchVC.swift */ = {isa = PBXFileReference; lastKnownFileType = sourcecode.swift; path = SearchVC.swift; sourceTree = "<group>"; };
		4BC6CE5627F2990800964EA2 /* PersonalVC.swift */ = {isa = PBXFileReference; lastKnownFileType = sourcecode.swift; path = PersonalVC.swift; sourceTree = "<group>"; };
		4BC6CE5827F2B0C000964EA2 /* GoogleService-Info.plist */ = {isa = PBXFileReference; fileEncoding = 4; lastKnownFileType = text.plist.xml; path = "GoogleService-Info.plist"; sourceTree = "<group>"; };
		4BC6CEA727F2FB0600964EA2 /* RegisterVC.swift */ = {isa = PBXFileReference; lastKnownFileType = sourcecode.swift; path = RegisterVC.swift; sourceTree = "<group>"; };
		4BC6CEA927F3093400964EA2 /* SetAvatorVC.swift */ = {isa = PBXFileReference; lastKnownFileType = sourcecode.swift; path = SetAvatorVC.swift; sourceTree = "<group>"; };
		4BC6CEAB27F409C700964EA2 /* CustomCollectionViewCell.swift */ = {isa = PBXFileReference; lastKnownFileType = sourcecode.swift; path = CustomCollectionViewCell.swift; sourceTree = "<group>"; };
		4BC6CEAE27F4349100964EA2 /* MemberInfoVC.swift */ = {isa = PBXFileReference; lastKnownFileType = sourcecode.swift; path = MemberInfoVC.swift; sourceTree = "<group>"; };
		4BC6CED027F43A0D00964EA2 /* hime3.mp4 */ = {isa = PBXFileReference; lastKnownFileType = file; path = hime3.mp4; sourceTree = "<group>"; };
		4BC6CED727F5730000964EA2 /* Streamers.swift */ = {isa = PBXFileReference; lastKnownFileType = sourcecode.swift; path = Streamers.swift; sourceTree = "<group>"; };
		4BC6CEFE27F5893500964EA2 /* Streamers.json */ = {isa = PBXFileReference; lastKnownFileType = text.json; path = Streamers.json; sourceTree = "<group>"; };
		4BC6CF0027F68BB400964EA2 /* SearchCollectionViewCell.swift */ = {isa = PBXFileReference; lastKnownFileType = sourcecode.swift; path = SearchCollectionViewCell.swift; sourceTree = "<group>"; };
		4BFBEEA928065BBE006E27FC /* HomeHeaderCollectionReusableView.swift */ = {isa = PBXFileReference; lastKnownFileType = sourcecode.swift; path = HomeHeaderCollectionReusableView.swift; sourceTree = "<group>"; };
		507C99EBDF512CA17DD1A044 /* Pods-LiveStreamingPracticeTests.release.xcconfig */ = {isa = PBXFileReference; includeInIndex = 1; lastKnownFileType = text.xcconfig; name = "Pods-LiveStreamingPracticeTests.release.xcconfig"; path = "Target Support Files/Pods-LiveStreamingPracticeTests/Pods-LiveStreamingPracticeTests.release.xcconfig"; sourceTree = "<group>"; };
		61592322411290DA47DF147E /* Pods-LiveStreamingPracticeTests.debug.xcconfig */ = {isa = PBXFileReference; includeInIndex = 1; lastKnownFileType = text.xcconfig; name = "Pods-LiveStreamingPracticeTests.debug.xcconfig"; path = "Target Support Files/Pods-LiveStreamingPracticeTests/Pods-LiveStreamingPracticeTests.debug.xcconfig"; sourceTree = "<group>"; };
		72322E9C281A293C007BB54A /* StreamerInfoVC.swift */ = {isa = PBXFileReference; lastKnownFileType = sourcecode.swift; path = StreamerInfoVC.swift; sourceTree = "<group>"; };
		72322E9E281A610D007BB54A /* StreamerGiftVC.swift */ = {isa = PBXFileReference; lastKnownFileType = sourcecode.swift; path = StreamerGiftVC.swift; sourceTree = "<group>"; };
		72322EA0281A6AF5007BB54A /* rocketGift.json */ = {isa = PBXFileReference; fileEncoding = 4; lastKnownFileType = text.json; path = rocketGift.json; sourceTree = "<group>"; };
		72322EA1281A6AF5007BB54A /* helicopterGift.json */ = {isa = PBXFileReference; fileEncoding = 4; lastKnownFileType = text.json; path = helicopterGift.json; sourceTree = "<group>"; };
		72322EA2281A6AF5007BB54A /* carGift.json */ = {isa = PBXFileReference; fileEncoding = 4; lastKnownFileType = text.json; path = carGift.json; sourceTree = "<group>"; };
		72322EA3281A6AF5007BB54A /* yachtGift.json */ = {isa = PBXFileReference; fileEncoding = 4; lastKnownFileType = text.json; path = yachtGift.json; sourceTree = "<group>"; };
		72FC0741281658DC00A2013B /* zh-Hans */ = {isa = PBXFileReference; lastKnownFileType = text.plist.strings; name = "zh-Hans"; path = "zh-Hans.lproj/Main.strings"; sourceTree = "<group>"; };
		72FC0742281658DD00A2013B /* zh-Hans */ = {isa = PBXFileReference; lastKnownFileType = text.plist.strings; name = "zh-Hans"; path = "zh-Hans.lproj/LaunchScreen.strings"; sourceTree = "<group>"; };
		72FC07442816594100A2013B /* en */ = {isa = PBXFileReference; lastKnownFileType = text.plist.strings; name = en; path = en.lproj/Main.strings; sourceTree = "<group>"; };
		72FC074828166ABD00A2013B /* en */ = {isa = PBXFileReference; lastKnownFileType = text.plist.strings; name = en; path = en.lproj/Localizable.strings; sourceTree = "<group>"; };
		72FC074A28166ABF00A2013B /* zh-Hans */ = {isa = PBXFileReference; lastKnownFileType = text.plist.strings; name = "zh-Hans"; path = "zh-Hans.lproj/Localizable.strings"; sourceTree = "<group>"; };
		72FC07922816A4B000A2013B /* zh-Hant */ = {isa = PBXFileReference; lastKnownFileType = text.plist.strings; name = "zh-Hant"; path = "zh-Hant.lproj/Main.strings"; sourceTree = "<group>"; };
		72FC07932816A4B000A2013B /* zh-Hant */ = {isa = PBXFileReference; lastKnownFileType = text.plist.strings; name = "zh-Hant"; path = "zh-Hant.lproj/LaunchScreen.strings"; sourceTree = "<group>"; };
		72FC07942816A4B100A2013B /* zh-Hant */ = {isa = PBXFileReference; lastKnownFileType = text.plist.strings; name = "zh-Hant"; path = "zh-Hant.lproj/Localizable.strings"; sourceTree = "<group>"; };
		72FE14A428210CFE0099C245 /* CustomView.swift */ = {isa = PBXFileReference; lastKnownFileType = sourcecode.swift; path = CustomView.swift; sourceTree = "<group>"; };
		72FE14A628210D1D0099C245 /* CustomView.xib */ = {isa = PBXFileReference; lastKnownFileType = file.xib; path = CustomView.xib; sourceTree = "<group>"; };
		7A742008DC5B4AC47BA7C75C /* Pods-LiveStreamingPractice-LiveStreamingPracticeUITests.debug.xcconfig */ = {isa = PBXFileReference; includeInIndex = 1; lastKnownFileType = text.xcconfig; name = "Pods-LiveStreamingPractice-LiveStreamingPracticeUITests.debug.xcconfig"; path = "Target Support Files/Pods-LiveStreamingPractice-LiveStreamingPracticeUITests/Pods-LiveStreamingPractice-LiveStreamingPracticeUITests.debug.xcconfig"; sourceTree = "<group>"; };
		89C007EA241449C7B9CF46E3 /* Pods-LiveStreamingPractice-LiveStreamingPracticeUITests.release.xcconfig */ = {isa = PBXFileReference; includeInIndex = 1; lastKnownFileType = text.xcconfig; name = "Pods-LiveStreamingPractice-LiveStreamingPracticeUITests.release.xcconfig"; path = "Target Support Files/Pods-LiveStreamingPractice-LiveStreamingPracticeUITests/Pods-LiveStreamingPractice-LiveStreamingPracticeUITests.release.xcconfig"; sourceTree = "<group>"; };
		97BD363E8A1F5C2B7411FEBF /* Pods_LiveStreamingPractice.framework */ = {isa = PBXFileReference; explicitFileType = wrapper.framework; includeInIndex = 0; path = Pods_LiveStreamingPractice.framework; sourceTree = BUILT_PRODUCTS_DIR; };
		A92A654F8D68834501EC6B48 /* Pods-LiveStreamingPractice.release.xcconfig */ = {isa = PBXFileReference; includeInIndex = 1; lastKnownFileType = text.xcconfig; name = "Pods-LiveStreamingPractice.release.xcconfig"; path = "Target Support Files/Pods-LiveStreamingPractice/Pods-LiveStreamingPractice.release.xcconfig"; sourceTree = "<group>"; };
		FB0A571AD6FC352798904E41 /* Pods-LiveStreamingPractice.debug.xcconfig */ = {isa = PBXFileReference; includeInIndex = 1; lastKnownFileType = text.xcconfig; name = "Pods-LiveStreamingPractice.debug.xcconfig"; path = "Target Support Files/Pods-LiveStreamingPractice/Pods-LiveStreamingPractice.debug.xcconfig"; sourceTree = "<group>"; };
/* End PBXFileReference section */

/* Begin PBXFrameworksBuildPhase section */
		4B4B3DE427F1B59D008B1652 /* Frameworks */ = {
			isa = PBXFrameworksBuildPhase;
			buildActionMask = 2147483647;
			files = (
				721C53182817E55000AA5930 /* Toast in Frameworks */,
				45D2E4A3F7E48FF2072F5E53 /* Pods_LiveStreamingPractice.framework in Frameworks */,
			);
			runOnlyForDeploymentPostprocessing = 0;
		};
		4B4B3DFA27F1B5A2008B1652 /* Frameworks */ = {
			isa = PBXFrameworksBuildPhase;
			buildActionMask = 2147483647;
			files = (
				15E053AA35DD29733DCCC385 /* Pods_LiveStreamingPracticeTests.framework in Frameworks */,
			);
			runOnlyForDeploymentPostprocessing = 0;
		};
		4B4B3E0427F1B5A2008B1652 /* Frameworks */ = {
			isa = PBXFrameworksBuildPhase;
			buildActionMask = 2147483647;
			files = (
				8CA6DF2B351CCABA87D7DFD5 /* Pods_LiveStreamingPractice_LiveStreamingPracticeUITests.framework in Frameworks */,
			);
			runOnlyForDeploymentPostprocessing = 0;
		};
/* End PBXFrameworksBuildPhase section */

/* Begin PBXGroup section */
		15B7076D29D094880C95A911 /* Frameworks */ = {
			isa = PBXGroup;
			children = (
				97BD363E8A1F5C2B7411FEBF /* Pods_LiveStreamingPractice.framework */,
				0A1E889AC152B6DA6930872A /* Pods_LiveStreamingPractice_LiveStreamingPracticeUITests.framework */,
				2159C5167A9965B631368A01 /* Pods_LiveStreamingPracticeTests.framework */,
			);
			name = Frameworks;
			sourceTree = "<group>";
		};
		17CB10D42E9D6CE3AF4C7B29 /* Pods */ = {
			isa = PBXGroup;
			children = (
				FB0A571AD6FC352798904E41 /* Pods-LiveStreamingPractice.debug.xcconfig */,
				A92A654F8D68834501EC6B48 /* Pods-LiveStreamingPractice.release.xcconfig */,
				7A742008DC5B4AC47BA7C75C /* Pods-LiveStreamingPractice-LiveStreamingPracticeUITests.debug.xcconfig */,
				89C007EA241449C7B9CF46E3 /* Pods-LiveStreamingPractice-LiveStreamingPracticeUITests.release.xcconfig */,
				61592322411290DA47DF147E /* Pods-LiveStreamingPracticeTests.debug.xcconfig */,
				507C99EBDF512CA17DD1A044 /* Pods-LiveStreamingPracticeTests.release.xcconfig */,
			);
			path = Pods;
			sourceTree = "<group>";
		};
		4B0EE76928115FC300D34A42 /* LottieImage */ = {
			isa = PBXGroup;
			children = (
				72322EA2281A6AF5007BB54A /* carGift.json */,
				72322EA1281A6AF5007BB54A /* helicopterGift.json */,
				72322EA0281A6AF5007BB54A /* rocketGift.json */,
				72322EA3281A6AF5007BB54A /* yachtGift.json */,
				4B385B2A2812437E00D6C942 /* loveStreamer.json */,
				4B0EE76A28115FE500D34A42 /* welcome.json */,
			);
			path = LottieImage;
			sourceTree = "<group>";
		};
		4B4B3DDE27F1B59D008B1652 = {
			isa = PBXGroup;
			children = (
				4B4B3DE927F1B59D008B1652 /* LiveStreamingPractice */,
				4B4B3E0027F1B5A2008B1652 /* LiveStreamingPracticeTests */,
				4B4B3E0A27F1B5A2008B1652 /* LiveStreamingPracticeUITests */,
				4B4B3DE827F1B59D008B1652 /* Products */,
				17CB10D42E9D6CE3AF4C7B29 /* Pods */,
				15B7076D29D094880C95A911 /* Frameworks */,
			);
			sourceTree = "<group>";
		};
		4B4B3DE827F1B59D008B1652 /* Products */ = {
			isa = PBXGroup;
			children = (
				4B4B3DE727F1B59D008B1652 /* LiveStreamingPractice.app */,
				4B4B3DFD27F1B5A2008B1652 /* LiveStreamingPracticeTests.xctest */,
				4B4B3E0727F1B5A2008B1652 /* LiveStreamingPracticeUITests.xctest */,
			);
			name = Products;
			sourceTree = "<group>";
		};
		4B4B3DE927F1B59D008B1652 /* LiveStreamingPractice */ = {
			isa = PBXGroup;
			children = (
				4B0EE76928115FC300D34A42 /* LottieImage */,
				4BC6CED627F572B600964EA2 /* Models */,
				4BC6CF0227F6981B00964EA2 /* Views */,
				4BC6CEAD27F42C1E00964EA2 /* Controllers */,
				4BC6CF0427F6989B00964EA2 /* Cell */,
				4BC6CF0327F6986200964EA2 /* Delegate */,
				72FC074928166ABD00A2013B /* Localizable.strings */,
				4BC6CED027F43A0D00964EA2 /* hime3.mp4 */,
				4B4B3DF327F1B5A1008B1652 /* Assets.xcassets */,
				4B4B3DF827F1B5A1008B1652 /* Info.plist */,
				4BC6CE5827F2B0C000964EA2 /* GoogleService-Info.plist */,
				4BC6CEFE27F5893500964EA2 /* Streamers.json */,
				72FE14A428210CFE0099C245 /* CustomView.swift */,
				72FE14A628210D1D0099C245 /* CustomView.xib */,
			);
			path = LiveStreamingPractice;
			sourceTree = "<group>";
		};
		4B4B3E0027F1B5A2008B1652 /* LiveStreamingPracticeTests */ = {
			isa = PBXGroup;
			children = (
				4B4B3E0127F1B5A2008B1652 /* LiveStreamingPracticeTests.swift */,
			);
			path = LiveStreamingPracticeTests;
			sourceTree = "<group>";
		};
		4B4B3E0A27F1B5A2008B1652 /* LiveStreamingPracticeUITests */ = {
			isa = PBXGroup;
			children = (
				4B4B3E0B27F1B5A2008B1652 /* LiveStreamingPracticeUITests.swift */,
				4B4B3E0D27F1B5A2008B1652 /* LiveStreamingPracticeUITestsLaunchTests.swift */,
			);
			path = LiveStreamingPracticeUITests;
			sourceTree = "<group>";
		};
		4BC6CEAD27F42C1E00964EA2 /* Controllers */ = {
			isa = PBXGroup;
			children = (
				4BC6CE5227F2986300964EA2 /* HomePageVC.swift */,
				4BC6CE5427F298D600964EA2 /* SearchVC.swift */,
				4BC6CE5627F2990800964EA2 /* PersonalVC.swift */,
				4BC6CEA727F2FB0600964EA2 /* RegisterVC.swift */,
				4BC6CEA927F3093400964EA2 /* SetAvatorVC.swift */,
				4BC6CEAE27F4349100964EA2 /* MemberInfoVC.swift */,
				4B4B3DEE27F1B59D008B1652 /* StreamerVideoVC.swift */,
				72322E9C281A293C007BB54A /* StreamerInfoVC.swift */,
				72322E9E281A610D007BB54A /* StreamerGiftVC.swift */,
			);
			path = Controllers;
			sourceTree = "<group>";
		};
		4BC6CED627F572B600964EA2 /* Models */ = {
			isa = PBXGroup;
			children = (
				4BC6CED727F5730000964EA2 /* Streamers.swift */,
				4B2831372807EE9B00BEFA76 /* Chatroom.swift */,
			);
			path = Models;
			sourceTree = "<group>";
		};
		4BC6CF0227F6981B00964EA2 /* Views */ = {
			isa = PBXGroup;
			children = (
				4B4B3DF027F1B59D008B1652 /* Main.storyboard */,
				4B4B3DF527F1B5A1008B1652 /* LaunchScreen.storyboard */,
				4B0EE765281102ED00D34A42 /* AnimationTabBar.swift */,
				4B7B5C672803D3D9002CFC89 /* PasswordTextField.swift */,
			);
			path = Views;
			sourceTree = "<group>";
		};
		4BC6CF0327F6986200964EA2 /* Delegate */ = {
			isa = PBXGroup;
			children = (
				4B4B3DEA27F1B59D008B1652 /* AppDelegate.swift */,
				4B4B3DEC27F1B59D008B1652 /* SceneDelegate.swift */,
			);
			path = Delegate;
			sourceTree = "<group>";
		};
		4BC6CF0427F6989B00964EA2 /* Cell */ = {
			isa = PBXGroup;
			children = (
				4BC6CEAB27F409C700964EA2 /* CustomCollectionViewCell.swift */,
				4BC6CF0027F68BB400964EA2 /* SearchCollectionViewCell.swift */,
				4BC2CE322806766800AAF8D8 /* ChatroomTableViewCell.swift */,
				4BFBEEA928065BBE006E27FC /* HomeHeaderCollectionReusableView.swift */,
				4BC2CE3028066C6D00AAF8D8 /* SearchHeaderCollectionReusableView.swift */,
			);
			path = Cell;
			sourceTree = "<group>";
		};
/* End PBXGroup section */

/* Begin PBXNativeTarget section */
		4B4B3DE627F1B59D008B1652 /* LiveStreamingPractice */ = {
			isa = PBXNativeTarget;
			buildConfigurationList = 4B4B3E1127F1B5A2008B1652 /* Build configuration list for PBXNativeTarget "LiveStreamingPractice" */;
			buildPhases = (
				55FAF16D324EB55D7711E489 /* [CP] Check Pods Manifest.lock */,
				4B4B3DE327F1B59D008B1652 /* Sources */,
				4B4B3DE427F1B59D008B1652 /* Frameworks */,
				4B4B3DE527F1B59D008B1652 /* Resources */,
				1B4113B468B2C3B723240879 /* [CP] Embed Pods Frameworks */,
			);
			buildRules = (
			);
			dependencies = (
			);
			name = LiveStreamingPractice;
			packageProductDependencies = (
				721C53172817E55000AA5930 /* Toast */,
			);
			productName = LiveStreamingPractice;
			productReference = 4B4B3DE727F1B59D008B1652 /* LiveStreamingPractice.app */;
			productType = "com.apple.product-type.application";
		};
		4B4B3DFC27F1B5A2008B1652 /* LiveStreamingPracticeTests */ = {
			isa = PBXNativeTarget;
			buildConfigurationList = 4B4B3E1427F1B5A2008B1652 /* Build configuration list for PBXNativeTarget "LiveStreamingPracticeTests" */;
			buildPhases = (
				3E90B8C5F5AD96BAF0780180 /* [CP] Check Pods Manifest.lock */,
				4B4B3DF927F1B5A2008B1652 /* Sources */,
				4B4B3DFA27F1B5A2008B1652 /* Frameworks */,
				4B4B3DFB27F1B5A2008B1652 /* Resources */,
			);
			buildRules = (
			);
			dependencies = (
				4B4B3DFF27F1B5A2008B1652 /* PBXTargetDependency */,
			);
			name = LiveStreamingPracticeTests;
			productName = LiveStreamingPracticeTests;
			productReference = 4B4B3DFD27F1B5A2008B1652 /* LiveStreamingPracticeTests.xctest */;
			productType = "com.apple.product-type.bundle.unit-test";
		};
		4B4B3E0627F1B5A2008B1652 /* LiveStreamingPracticeUITests */ = {
			isa = PBXNativeTarget;
			buildConfigurationList = 4B4B3E1727F1B5A2008B1652 /* Build configuration list for PBXNativeTarget "LiveStreamingPracticeUITests" */;
			buildPhases = (
				C35FFAFF44C5953C1A7E394C /* [CP] Check Pods Manifest.lock */,
				4B4B3E0327F1B5A2008B1652 /* Sources */,
				4B4B3E0427F1B5A2008B1652 /* Frameworks */,
				4B4B3E0527F1B5A2008B1652 /* Resources */,
				51E61845DFD8D5DB0B9DB52B /* [CP] Embed Pods Frameworks */,
			);
			buildRules = (
			);
			dependencies = (
				4B4B3E0927F1B5A2008B1652 /* PBXTargetDependency */,
			);
			name = LiveStreamingPracticeUITests;
			productName = LiveStreamingPracticeUITests;
			productReference = 4B4B3E0727F1B5A2008B1652 /* LiveStreamingPracticeUITests.xctest */;
			productType = "com.apple.product-type.bundle.ui-testing";
		};
/* End PBXNativeTarget section */

/* Begin PBXProject section */
		4B4B3DDF27F1B59D008B1652 /* Project object */ = {
			isa = PBXProject;
			attributes = {
				BuildIndependentTargetsInParallel = 1;
				LastSwiftUpdateCheck = 1330;
				LastUpgradeCheck = 1330;
				TargetAttributes = {
					4B4B3DE627F1B59D008B1652 = {
						CreatedOnToolsVersion = 13.3;
					};
					4B4B3DFC27F1B5A2008B1652 = {
						CreatedOnToolsVersion = 13.3;
						TestTargetID = 4B4B3DE627F1B59D008B1652;
					};
					4B4B3E0627F1B5A2008B1652 = {
						CreatedOnToolsVersion = 13.3;
						TestTargetID = 4B4B3DE627F1B59D008B1652;
					};
				};
			};
			buildConfigurationList = 4B4B3DE227F1B59D008B1652 /* Build configuration list for PBXProject "LiveStreamingPractice" */;
			compatibilityVersion = "Xcode 13.0";
			developmentRegion = en;
			hasScannedForEncodings = 0;
			knownRegions = (
				en,
				Base,
				"zh-Hans",
				"zh-Hant",
			);
			mainGroup = 4B4B3DDE27F1B59D008B1652;
			packageReferences = (
				4BC6CE5A27F2B2DE00964EA2 /* XCRemoteSwiftPackageReference "firebase-ios-sdk" */,
				721C53162817E55000AA5930 /* XCRemoteSwiftPackageReference "Toast-Swift" */,
			);
			productRefGroup = 4B4B3DE827F1B59D008B1652 /* Products */;
			projectDirPath = "";
			projectRoot = "";
			targets = (
				4B4B3DE627F1B59D008B1652 /* LiveStreamingPractice */,
				4B4B3DFC27F1B5A2008B1652 /* LiveStreamingPracticeTests */,
				4B4B3E0627F1B5A2008B1652 /* LiveStreamingPracticeUITests */,
			);
		};
/* End PBXProject section */

/* Begin PBXResourcesBuildPhase section */
		4B4B3DE527F1B59D008B1652 /* Resources */ = {
			isa = PBXResourcesBuildPhase;
			buildActionMask = 2147483647;
			files = (
				4BC6CEFF27F5893500964EA2 /* Streamers.json in Resources */,
				72322EA5281A6AF5007BB54A /* helicopterGift.json in Resources */,
				4BC6CED127F43A0D00964EA2 /* hime3.mp4 in Resources */,
				4B385B2B2812437E00D6C942 /* loveStreamer.json in Resources */,
				4B0EE76B28115FE500D34A42 /* welcome.json in Resources */,
				72FC074728166ABD00A2013B /* Localizable.strings in Resources */,
				4B4B3DF727F1B5A1008B1652 /* LaunchScreen.storyboard in Resources */,
				72322EA7281A6AF5007BB54A /* yachtGift.json in Resources */,
				4BC6CE5927F2B0C000964EA2 /* GoogleService-Info.plist in Resources */,
				72322EA6281A6AF5007BB54A /* carGift.json in Resources */,
				4B4B3DF427F1B5A1008B1652 /* Assets.xcassets in Resources */,
				4B4B3DF227F1B59D008B1652 /* Main.storyboard in Resources */,
				72322EA4281A6AF5007BB54A /* rocketGift.json in Resources */,
				72FE14A728210D1D0099C245 /* CustomView.xib in Resources */,
			);
			runOnlyForDeploymentPostprocessing = 0;
		};
		4B4B3DFB27F1B5A2008B1652 /* Resources */ = {
			isa = PBXResourcesBuildPhase;
			buildActionMask = 2147483647;
			files = (
			);
			runOnlyForDeploymentPostprocessing = 0;
		};
		4B4B3E0527F1B5A2008B1652 /* Resources */ = {
			isa = PBXResourcesBuildPhase;
			buildActionMask = 2147483647;
			files = (
			);
			runOnlyForDeploymentPostprocessing = 0;
		};
/* End PBXResourcesBuildPhase section */

/* Begin PBXShellScriptBuildPhase section */
		1B4113B468B2C3B723240879 /* [CP] Embed Pods Frameworks */ = {
			isa = PBXShellScriptBuildPhase;
			buildActionMask = 2147483647;
			files = (
			);
			inputFileListPaths = (
				"${PODS_ROOT}/Target Support Files/Pods-LiveStreamingPractice/Pods-LiveStreamingPractice-frameworks-${CONFIGURATION}-input-files.xcfilelist",
			);
			name = "[CP] Embed Pods Frameworks";
			outputFileListPaths = (
				"${PODS_ROOT}/Target Support Files/Pods-LiveStreamingPractice/Pods-LiveStreamingPractice-frameworks-${CONFIGURATION}-output-files.xcfilelist",
			);
			runOnlyForDeploymentPostprocessing = 0;
			shellPath = /bin/sh;
			shellScript = "\"${PODS_ROOT}/Target Support Files/Pods-LiveStreamingPractice/Pods-LiveStreamingPractice-frameworks.sh\"\n";
			showEnvVarsInLog = 0;
		};
		3E90B8C5F5AD96BAF0780180 /* [CP] Check Pods Manifest.lock */ = {
			isa = PBXShellScriptBuildPhase;
			buildActionMask = 2147483647;
			files = (
			);
			inputFileListPaths = (
			);
			inputPaths = (
				"${PODS_PODFILE_DIR_PATH}/Podfile.lock",
				"${PODS_ROOT}/Manifest.lock",
			);
			name = "[CP] Check Pods Manifest.lock";
			outputFileListPaths = (
			);
			outputPaths = (
				"$(DERIVED_FILE_DIR)/Pods-LiveStreamingPracticeTests-checkManifestLockResult.txt",
			);
			runOnlyForDeploymentPostprocessing = 0;
			shellPath = /bin/sh;
			shellScript = "diff \"${PODS_PODFILE_DIR_PATH}/Podfile.lock\" \"${PODS_ROOT}/Manifest.lock\" > /dev/null\nif [ $? != 0 ] ; then\n    # print error to STDERR\n    echo \"error: The sandbox is not in sync with the Podfile.lock. Run 'pod install' or update your CocoaPods installation.\" >&2\n    exit 1\nfi\n# This output is used by Xcode 'outputs' to avoid re-running this script phase.\necho \"SUCCESS\" > \"${SCRIPT_OUTPUT_FILE_0}\"\n";
			showEnvVarsInLog = 0;
		};
		51E61845DFD8D5DB0B9DB52B /* [CP] Embed Pods Frameworks */ = {
			isa = PBXShellScriptBuildPhase;
			buildActionMask = 2147483647;
			files = (
			);
			inputFileListPaths = (
				"${PODS_ROOT}/Target Support Files/Pods-LiveStreamingPractice-LiveStreamingPracticeUITests/Pods-LiveStreamingPractice-LiveStreamingPracticeUITests-frameworks-${CONFIGURATION}-input-files.xcfilelist",
			);
			name = "[CP] Embed Pods Frameworks";
			outputFileListPaths = (
				"${PODS_ROOT}/Target Support Files/Pods-LiveStreamingPractice-LiveStreamingPracticeUITests/Pods-LiveStreamingPractice-LiveStreamingPracticeUITests-frameworks-${CONFIGURATION}-output-files.xcfilelist",
			);
			runOnlyForDeploymentPostprocessing = 0;
			shellPath = /bin/sh;
			shellScript = "\"${PODS_ROOT}/Target Support Files/Pods-LiveStreamingPractice-LiveStreamingPracticeUITests/Pods-LiveStreamingPractice-LiveStreamingPracticeUITests-frameworks.sh\"\n";
			showEnvVarsInLog = 0;
		};
		55FAF16D324EB55D7711E489 /* [CP] Check Pods Manifest.lock */ = {
			isa = PBXShellScriptBuildPhase;
			buildActionMask = 2147483647;
			files = (
			);
			inputFileListPaths = (
			);
			inputPaths = (
				"${PODS_PODFILE_DIR_PATH}/Podfile.lock",
				"${PODS_ROOT}/Manifest.lock",
			);
			name = "[CP] Check Pods Manifest.lock";
			outputFileListPaths = (
			);
			outputPaths = (
				"$(DERIVED_FILE_DIR)/Pods-LiveStreamingPractice-checkManifestLockResult.txt",
			);
			runOnlyForDeploymentPostprocessing = 0;
			shellPath = /bin/sh;
			shellScript = "diff \"${PODS_PODFILE_DIR_PATH}/Podfile.lock\" \"${PODS_ROOT}/Manifest.lock\" > /dev/null\nif [ $? != 0 ] ; then\n    # print error to STDERR\n    echo \"error: The sandbox is not in sync with the Podfile.lock. Run 'pod install' or update your CocoaPods installation.\" >&2\n    exit 1\nfi\n# This output is used by Xcode 'outputs' to avoid re-running this script phase.\necho \"SUCCESS\" > \"${SCRIPT_OUTPUT_FILE_0}\"\n";
			showEnvVarsInLog = 0;
		};
		C35FFAFF44C5953C1A7E394C /* [CP] Check Pods Manifest.lock */ = {
			isa = PBXShellScriptBuildPhase;
			buildActionMask = 2147483647;
			files = (
			);
			inputFileListPaths = (
			);
			inputPaths = (
				"${PODS_PODFILE_DIR_PATH}/Podfile.lock",
				"${PODS_ROOT}/Manifest.lock",
			);
			name = "[CP] Check Pods Manifest.lock";
			outputFileListPaths = (
			);
			outputPaths = (
				"$(DERIVED_FILE_DIR)/Pods-LiveStreamingPractice-LiveStreamingPracticeUITests-checkManifestLockResult.txt",
			);
			runOnlyForDeploymentPostprocessing = 0;
			shellPath = /bin/sh;
			shellScript = "diff \"${PODS_PODFILE_DIR_PATH}/Podfile.lock\" \"${PODS_ROOT}/Manifest.lock\" > /dev/null\nif [ $? != 0 ] ; then\n    # print error to STDERR\n    echo \"error: The sandbox is not in sync with the Podfile.lock. Run 'pod install' or update your CocoaPods installation.\" >&2\n    exit 1\nfi\n# This output is used by Xcode 'outputs' to avoid re-running this script phase.\necho \"SUCCESS\" > \"${SCRIPT_OUTPUT_FILE_0}\"\n";
			showEnvVarsInLog = 0;
		};
/* End PBXShellScriptBuildPhase section */

/* Begin PBXSourcesBuildPhase section */
		4B4B3DE327F1B59D008B1652 /* Sources */ = {
			isa = PBXSourcesBuildPhase;
			buildActionMask = 2147483647;
			files = (
				4BC6CED827F5730000964EA2 /* Streamers.swift in Sources */,
				72322E9F281A610D007BB54A /* StreamerGiftVC.swift in Sources */,
				4BC6CEAF27F4349100964EA2 /* MemberInfoVC.swift in Sources */,
				72FE14A528210CFE0099C245 /* CustomView.swift in Sources */,
				4BC6CF0127F68BB400964EA2 /* SearchCollectionViewCell.swift in Sources */,
				4B4B3DEF27F1B59D008B1652 /* StreamerVideoVC.swift in Sources */,
				4B7B5C682803D3D9002CFC89 /* PasswordTextField.swift in Sources */,
				4BC6CEAC27F409C700964EA2 /* CustomCollectionViewCell.swift in Sources */,
				72322E9D281A293C007BB54A /* StreamerInfoVC.swift in Sources */,
				4BC6CE5527F298D600964EA2 /* SearchVC.swift in Sources */,
				4B2831382807EE9B00BEFA76 /* Chatroom.swift in Sources */,
				4B4B3DEB27F1B59D008B1652 /* AppDelegate.swift in Sources */,
				4BC2CE332806766800AAF8D8 /* ChatroomTableViewCell.swift in Sources */,
				4BC6CE5327F2986300964EA2 /* HomePageVC.swift in Sources */,
				4BC6CEA827F2FB0600964EA2 /* RegisterVC.swift in Sources */,
				4BC6CE5727F2990800964EA2 /* PersonalVC.swift in Sources */,
				4BFBEEAA28065BBE006E27FC /* HomeHeaderCollectionReusableView.swift in Sources */,
				4BC2CE3128066C6D00AAF8D8 /* SearchHeaderCollectionReusableView.swift in Sources */,
				4BC6CEAA27F3093400964EA2 /* SetAvatorVC.swift in Sources */,
				4B0EE766281102ED00D34A42 /* AnimationTabBar.swift in Sources */,
				4B4B3DED27F1B59D008B1652 /* SceneDelegate.swift in Sources */,
			);
			runOnlyForDeploymentPostprocessing = 0;
		};
		4B4B3DF927F1B5A2008B1652 /* Sources */ = {
			isa = PBXSourcesBuildPhase;
			buildActionMask = 2147483647;
			files = (
				4B4B3E0227F1B5A2008B1652 /* LiveStreamingPracticeTests.swift in Sources */,
			);
			runOnlyForDeploymentPostprocessing = 0;
		};
		4B4B3E0327F1B5A2008B1652 /* Sources */ = {
			isa = PBXSourcesBuildPhase;
			buildActionMask = 2147483647;
			files = (
				4B4B3E0E27F1B5A2008B1652 /* LiveStreamingPracticeUITestsLaunchTests.swift in Sources */,
				4B4B3E0C27F1B5A2008B1652 /* LiveStreamingPracticeUITests.swift in Sources */,
			);
			runOnlyForDeploymentPostprocessing = 0;
		};
/* End PBXSourcesBuildPhase section */

/* Begin PBXTargetDependency section */
		4B4B3DFF27F1B5A2008B1652 /* PBXTargetDependency */ = {
			isa = PBXTargetDependency;
			target = 4B4B3DE627F1B59D008B1652 /* LiveStreamingPractice */;
			targetProxy = 4B4B3DFE27F1B5A2008B1652 /* PBXContainerItemProxy */;
		};
		4B4B3E0927F1B5A2008B1652 /* PBXTargetDependency */ = {
			isa = PBXTargetDependency;
			target = 4B4B3DE627F1B59D008B1652 /* LiveStreamingPractice */;
			targetProxy = 4B4B3E0827F1B5A2008B1652 /* PBXContainerItemProxy */;
		};
/* End PBXTargetDependency section */

/* Begin PBXVariantGroup section */
		4B4B3DF027F1B59D008B1652 /* Main.storyboard */ = {
			isa = PBXVariantGroup;
			children = (
				4B4B3DF127F1B59D008B1652 /* Base */,
				72FC0741281658DC00A2013B /* zh-Hans */,
				72FC07442816594100A2013B /* en */,
				72FC07922816A4B000A2013B /* zh-Hant */,
			);
			name = Main.storyboard;
			sourceTree = "<group>";
		};
		4B4B3DF527F1B5A1008B1652 /* LaunchScreen.storyboard */ = {
			isa = PBXVariantGroup;
			children = (
				4B4B3DF627F1B5A1008B1652 /* Base */,
				72FC0742281658DD00A2013B /* zh-Hans */,
				72FC07932816A4B000A2013B /* zh-Hant */,
			);
			name = LaunchScreen.storyboard;
			sourceTree = "<group>";
		};
		72FC074928166ABD00A2013B /* Localizable.strings */ = {
			isa = PBXVariantGroup;
			children = (
				72FC074828166ABD00A2013B /* en */,
				72FC074A28166ABF00A2013B /* zh-Hans */,
				72FC07942816A4B100A2013B /* zh-Hant */,
			);
			name = Localizable.strings;
			sourceTree = "<group>";
		};
/* End PBXVariantGroup section */

/* Begin XCBuildConfiguration section */
		4B4B3E0F27F1B5A2008B1652 /* Debug */ = {
			isa = XCBuildConfiguration;
			buildSettings = {
				ALWAYS_SEARCH_USER_PATHS = NO;
				CLANG_ANALYZER_LOCALIZABILITY_NONLOCALIZED = YES;
				CLANG_ANALYZER_NONNULL = YES;
				CLANG_ANALYZER_NUMBER_OBJECT_CONVERSION = YES_AGGRESSIVE;
				CLANG_CXX_LANGUAGE_STANDARD = "gnu++17";
				CLANG_ENABLE_MODULES = YES;
				CLANG_ENABLE_OBJC_ARC = YES;
				CLANG_ENABLE_OBJC_WEAK = YES;
				CLANG_WARN_BLOCK_CAPTURE_AUTORELEASING = YES;
				CLANG_WARN_BOOL_CONVERSION = YES;
				CLANG_WARN_COMMA = YES;
				CLANG_WARN_CONSTANT_CONVERSION = YES;
				CLANG_WARN_DEPRECATED_OBJC_IMPLEMENTATIONS = YES;
				CLANG_WARN_DIRECT_OBJC_ISA_USAGE = YES_ERROR;
				CLANG_WARN_DOCUMENTATION_COMMENTS = YES;
				CLANG_WARN_EMPTY_BODY = YES;
				CLANG_WARN_ENUM_CONVERSION = YES;
				CLANG_WARN_INFINITE_RECURSION = YES;
				CLANG_WARN_INT_CONVERSION = YES;
				CLANG_WARN_NON_LITERAL_NULL_CONVERSION = YES;
				CLANG_WARN_OBJC_IMPLICIT_RETAIN_SELF = YES;
				CLANG_WARN_OBJC_LITERAL_CONVERSION = YES;
				CLANG_WARN_OBJC_ROOT_CLASS = YES_ERROR;
				CLANG_WARN_QUOTED_INCLUDE_IN_FRAMEWORK_HEADER = YES;
				CLANG_WARN_RANGE_LOOP_ANALYSIS = YES;
				CLANG_WARN_STRICT_PROTOTYPES = YES;
				CLANG_WARN_SUSPICIOUS_MOVE = YES;
				CLANG_WARN_UNGUARDED_AVAILABILITY = YES_AGGRESSIVE;
				CLANG_WARN_UNREACHABLE_CODE = YES;
				CLANG_WARN__DUPLICATE_METHOD_MATCH = YES;
				COPY_PHASE_STRIP = NO;
				DEBUG_INFORMATION_FORMAT = dwarf;
				ENABLE_STRICT_OBJC_MSGSEND = YES;
				ENABLE_TESTABILITY = YES;
				GCC_C_LANGUAGE_STANDARD = gnu11;
				GCC_DYNAMIC_NO_PIC = NO;
				GCC_NO_COMMON_BLOCKS = YES;
				GCC_OPTIMIZATION_LEVEL = 0;
				GCC_PREPROCESSOR_DEFINITIONS = (
					"DEBUG=1",
					"$(inherited)",
				);
				GCC_WARN_64_TO_32_BIT_CONVERSION = YES;
				GCC_WARN_ABOUT_RETURN_TYPE = YES_ERROR;
				GCC_WARN_UNDECLARED_SELECTOR = YES;
				GCC_WARN_UNINITIALIZED_AUTOS = YES_AGGRESSIVE;
				GCC_WARN_UNUSED_FUNCTION = YES;
				GCC_WARN_UNUSED_VARIABLE = YES;
				IPHONEOS_DEPLOYMENT_TARGET = 15.4;
				MTL_ENABLE_DEBUG_INFO = INCLUDE_SOURCE;
				MTL_FAST_MATH = YES;
				ONLY_ACTIVE_ARCH = YES;
				SDKROOT = iphoneos;
				SWIFT_ACTIVE_COMPILATION_CONDITIONS = DEBUG;
				SWIFT_OPTIMIZATION_LEVEL = "-Onone";
			};
			name = Debug;
		};
		4B4B3E1027F1B5A2008B1652 /* Release */ = {
			isa = XCBuildConfiguration;
			buildSettings = {
				ALWAYS_SEARCH_USER_PATHS = NO;
				CLANG_ANALYZER_LOCALIZABILITY_NONLOCALIZED = YES;
				CLANG_ANALYZER_NONNULL = YES;
				CLANG_ANALYZER_NUMBER_OBJECT_CONVERSION = YES_AGGRESSIVE;
				CLANG_CXX_LANGUAGE_STANDARD = "gnu++17";
				CLANG_ENABLE_MODULES = YES;
				CLANG_ENABLE_OBJC_ARC = YES;
				CLANG_ENABLE_OBJC_WEAK = YES;
				CLANG_WARN_BLOCK_CAPTURE_AUTORELEASING = YES;
				CLANG_WARN_BOOL_CONVERSION = YES;
				CLANG_WARN_COMMA = YES;
				CLANG_WARN_CONSTANT_CONVERSION = YES;
				CLANG_WARN_DEPRECATED_OBJC_IMPLEMENTATIONS = YES;
				CLANG_WARN_DIRECT_OBJC_ISA_USAGE = YES_ERROR;
				CLANG_WARN_DOCUMENTATION_COMMENTS = YES;
				CLANG_WARN_EMPTY_BODY = YES;
				CLANG_WARN_ENUM_CONVERSION = YES;
				CLANG_WARN_INFINITE_RECURSION = YES;
				CLANG_WARN_INT_CONVERSION = YES;
				CLANG_WARN_NON_LITERAL_NULL_CONVERSION = YES;
				CLANG_WARN_OBJC_IMPLICIT_RETAIN_SELF = YES;
				CLANG_WARN_OBJC_LITERAL_CONVERSION = YES;
				CLANG_WARN_OBJC_ROOT_CLASS = YES_ERROR;
				CLANG_WARN_QUOTED_INCLUDE_IN_FRAMEWORK_HEADER = YES;
				CLANG_WARN_RANGE_LOOP_ANALYSIS = YES;
				CLANG_WARN_STRICT_PROTOTYPES = YES;
				CLANG_WARN_SUSPICIOUS_MOVE = YES;
				CLANG_WARN_UNGUARDED_AVAILABILITY = YES_AGGRESSIVE;
				CLANG_WARN_UNREACHABLE_CODE = YES;
				CLANG_WARN__DUPLICATE_METHOD_MATCH = YES;
				COPY_PHASE_STRIP = NO;
				DEBUG_INFORMATION_FORMAT = "dwarf-with-dsym";
				ENABLE_NS_ASSERTIONS = NO;
				ENABLE_STRICT_OBJC_MSGSEND = YES;
				GCC_C_LANGUAGE_STANDARD = gnu11;
				GCC_NO_COMMON_BLOCKS = YES;
				GCC_WARN_64_TO_32_BIT_CONVERSION = YES;
				GCC_WARN_ABOUT_RETURN_TYPE = YES_ERROR;
				GCC_WARN_UNDECLARED_SELECTOR = YES;
				GCC_WARN_UNINITIALIZED_AUTOS = YES_AGGRESSIVE;
				GCC_WARN_UNUSED_FUNCTION = YES;
				GCC_WARN_UNUSED_VARIABLE = YES;
				IPHONEOS_DEPLOYMENT_TARGET = 15.4;
				MTL_ENABLE_DEBUG_INFO = NO;
				MTL_FAST_MATH = YES;
				SDKROOT = iphoneos;
				SWIFT_COMPILATION_MODE = wholemodule;
				SWIFT_OPTIMIZATION_LEVEL = "-O";
				VALIDATE_PRODUCT = YES;
			};
			name = Release;
		};
		4B4B3E1227F1B5A2008B1652 /* Debug */ = {
			isa = XCBuildConfiguration;
			baseConfigurationReference = FB0A571AD6FC352798904E41 /* Pods-LiveStreamingPractice.debug.xcconfig */;
			buildSettings = {
				ASSETCATALOG_COMPILER_APPICON_NAME = AppIcon;
				ASSETCATALOG_COMPILER_GLOBAL_ACCENT_COLOR_NAME = AccentColor;
				CODE_SIGN_STYLE = Automatic;
				CURRENT_PROJECT_VERSION = 1;
				DEVELOPMENT_TEAM = A7Y8547SLF;
				GENERATE_INFOPLIST_FILE = YES;
				INFOPLIST_FILE = LiveStreamingPractice/Info.plist;
				INFOPLIST_KEY_CFBundleDisplayName = Robert_Nian;
				INFOPLIST_KEY_NSCameraUsageDescription = "要照相";
				INFOPLIST_KEY_NSPhotoLibraryAddUsageDescription = "存照片";
				INFOPLIST_KEY_NSPhotoLibraryUsageDescription = "看照片";
				INFOPLIST_KEY_UIApplicationSupportsIndirectInputEvents = YES;
				INFOPLIST_KEY_UILaunchStoryboardName = LaunchScreen;
				INFOPLIST_KEY_UIMainStoryboardFile = Main;
				INFOPLIST_KEY_UISupportedInterfaceOrientations = UIInterfaceOrientationPortrait;
				INFOPLIST_KEY_UISupportedInterfaceOrientations_iPad = UIInterfaceOrientationPortrait;
				INFOPLIST_KEY_UISupportedInterfaceOrientations_iPhone = UIInterfaceOrientationPortrait;
				IPHONEOS_DEPLOYMENT_TARGET = 15.4;
				LD_RUNPATH_SEARCH_PATHS = (
					"$(inherited)",
					"@executable_path/Frameworks",
				);
				MARKETING_VERSION = 1.0;
				PRODUCT_BUNDLE_IDENTIFIER = "com.robert-nian";
				PRODUCT_NAME = "$(TARGET_NAME)";
				SWIFT_EMIT_LOC_STRINGS = YES;
				SWIFT_VERSION = 5.0;
				TARGETED_DEVICE_FAMILY = "1,2";
			};
			name = Debug;
		};
		4B4B3E1327F1B5A2008B1652 /* Release */ = {
			isa = XCBuildConfiguration;
			baseConfigurationReference = A92A654F8D68834501EC6B48 /* Pods-LiveStreamingPractice.release.xcconfig */;
			buildSettings = {
				ASSETCATALOG_COMPILER_APPICON_NAME = AppIcon;
				ASSETCATALOG_COMPILER_GLOBAL_ACCENT_COLOR_NAME = AccentColor;
				CODE_SIGN_STYLE = Automatic;
				CURRENT_PROJECT_VERSION = 1;
				DEVELOPMENT_TEAM = A7Y8547SLF;
				GENERATE_INFOPLIST_FILE = YES;
				INFOPLIST_FILE = LiveStreamingPractice/Info.plist;
				INFOPLIST_KEY_CFBundleDisplayName = Robert_Nian;
				INFOPLIST_KEY_NSCameraUsageDescription = "要照相";
				INFOPLIST_KEY_NSPhotoLibraryAddUsageDescription = "存照片";
				INFOPLIST_KEY_NSPhotoLibraryUsageDescription = "看照片";
				INFOPLIST_KEY_UIApplicationSupportsIndirectInputEvents = YES;
				INFOPLIST_KEY_UILaunchStoryboardName = LaunchScreen;
				INFOPLIST_KEY_UIMainStoryboardFile = Main;
				INFOPLIST_KEY_UISupportedInterfaceOrientations = UIInterfaceOrientationPortrait;
				INFOPLIST_KEY_UISupportedInterfaceOrientations_iPad = UIInterfaceOrientationPortrait;
				INFOPLIST_KEY_UISupportedInterfaceOrientations_iPhone = UIInterfaceOrientationPortrait;
				IPHONEOS_DEPLOYMENT_TARGET = 15.4;
				LD_RUNPATH_SEARCH_PATHS = (
					"$(inherited)",
					"@executable_path/Frameworks",
				);
				MARKETING_VERSION = 1.0;
				PRODUCT_BUNDLE_IDENTIFIER = "com.robert-nian";
				PRODUCT_NAME = "$(TARGET_NAME)";
				SWIFT_EMIT_LOC_STRINGS = YES;
				SWIFT_VERSION = 5.0;
				TARGETED_DEVICE_FAMILY = "1,2";
			};
			name = Release;
		};
		4B4B3E1527F1B5A2008B1652 /* Debug */ = {
			isa = XCBuildConfiguration;
			baseConfigurationReference = 61592322411290DA47DF147E /* Pods-LiveStreamingPracticeTests.debug.xcconfig */;
			buildSettings = {
				ALWAYS_EMBED_SWIFT_STANDARD_LIBRARIES = YES;
				BUNDLE_LOADER = "$(TEST_HOST)";
				CODE_SIGN_STYLE = Automatic;
				CURRENT_PROJECT_VERSION = 1;
				DEVELOPMENT_TEAM = A7Y8547SLF;
				GENERATE_INFOPLIST_FILE = YES;
				IPHONEOS_DEPLOYMENT_TARGET = 15.4;
				MARKETING_VERSION = 1.0;
				PRODUCT_BUNDLE_IDENTIFIER = "com.robert-nian.LiveStreamingPracticeTests";
				PRODUCT_NAME = "$(TARGET_NAME)";
				SWIFT_EMIT_LOC_STRINGS = NO;
				SWIFT_VERSION = 5.0;
				TARGETED_DEVICE_FAMILY = "1,2";
				TEST_HOST = "$(BUILT_PRODUCTS_DIR)/LiveStreamingPractice.app/LiveStreamingPractice";
			};
			name = Debug;
		};
		4B4B3E1627F1B5A2008B1652 /* Release */ = {
			isa = XCBuildConfiguration;
			baseConfigurationReference = 507C99EBDF512CA17DD1A044 /* Pods-LiveStreamingPracticeTests.release.xcconfig */;
			buildSettings = {
				ALWAYS_EMBED_SWIFT_STANDARD_LIBRARIES = YES;
				BUNDLE_LOADER = "$(TEST_HOST)";
				CODE_SIGN_STYLE = Automatic;
				CURRENT_PROJECT_VERSION = 1;
				DEVELOPMENT_TEAM = A7Y8547SLF;
				GENERATE_INFOPLIST_FILE = YES;
				IPHONEOS_DEPLOYMENT_TARGET = 15.4;
				MARKETING_VERSION = 1.0;
				PRODUCT_BUNDLE_IDENTIFIER = "com.robert-nian.LiveStreamingPracticeTests";
				PRODUCT_NAME = "$(TARGET_NAME)";
				SWIFT_EMIT_LOC_STRINGS = NO;
				SWIFT_VERSION = 5.0;
				TARGETED_DEVICE_FAMILY = "1,2";
				TEST_HOST = "$(BUILT_PRODUCTS_DIR)/LiveStreamingPractice.app/LiveStreamingPractice";
			};
			name = Release;
		};
		4B4B3E1827F1B5A2008B1652 /* Debug */ = {
			isa = XCBuildConfiguration;
			baseConfigurationReference = 7A742008DC5B4AC47BA7C75C /* Pods-LiveStreamingPractice-LiveStreamingPracticeUITests.debug.xcconfig */;
			buildSettings = {
				ALWAYS_EMBED_SWIFT_STANDARD_LIBRARIES = YES;
				CODE_SIGN_STYLE = Automatic;
				CURRENT_PROJECT_VERSION = 1;
				DEVELOPMENT_TEAM = A7Y8547SLF;
				GENERATE_INFOPLIST_FILE = YES;
				MARKETING_VERSION = 1.0;
				PRODUCT_BUNDLE_IDENTIFIER = "com.robert-nian.LiveStreamingPracticeUITests";
				PRODUCT_NAME = "$(TARGET_NAME)";
				SWIFT_EMIT_LOC_STRINGS = NO;
				SWIFT_VERSION = 5.0;
				TARGETED_DEVICE_FAMILY = "1,2";
				TEST_TARGET_NAME = LiveStreamingPractice;
			};
			name = Debug;
		};
		4B4B3E1927F1B5A2008B1652 /* Release */ = {
			isa = XCBuildConfiguration;
			baseConfigurationReference = 89C007EA241449C7B9CF46E3 /* Pods-LiveStreamingPractice-LiveStreamingPracticeUITests.release.xcconfig */;
			buildSettings = {
				ALWAYS_EMBED_SWIFT_STANDARD_LIBRARIES = YES;
				CODE_SIGN_STYLE = Automatic;
				CURRENT_PROJECT_VERSION = 1;
				DEVELOPMENT_TEAM = A7Y8547SLF;
				GENERATE_INFOPLIST_FILE = YES;
				MARKETING_VERSION = 1.0;
				PRODUCT_BUNDLE_IDENTIFIER = "com.robert-nian.LiveStreamingPracticeUITests";
				PRODUCT_NAME = "$(TARGET_NAME)";
				SWIFT_EMIT_LOC_STRINGS = NO;
				SWIFT_VERSION = 5.0;
				TARGETED_DEVICE_FAMILY = "1,2";
				TEST_TARGET_NAME = LiveStreamingPractice;
			};
			name = Release;
		};
/* End XCBuildConfiguration section */

/* Begin XCConfigurationList section */
		4B4B3DE227F1B59D008B1652 /* Build configuration list for PBXProject "LiveStreamingPractice" */ = {
			isa = XCConfigurationList;
			buildConfigurations = (
				4B4B3E0F27F1B5A2008B1652 /* Debug */,
				4B4B3E1027F1B5A2008B1652 /* Release */,
			);
			defaultConfigurationIsVisible = 0;
			defaultConfigurationName = Release;
		};
		4B4B3E1127F1B5A2008B1652 /* Build configuration list for PBXNativeTarget "LiveStreamingPractice" */ = {
			isa = XCConfigurationList;
			buildConfigurations = (
				4B4B3E1227F1B5A2008B1652 /* Debug */,
				4B4B3E1327F1B5A2008B1652 /* Release */,
			);
			defaultConfigurationIsVisible = 0;
			defaultConfigurationName = Release;
		};
		4B4B3E1427F1B5A2008B1652 /* Build configuration list for PBXNativeTarget "LiveStreamingPracticeTests" */ = {
			isa = XCConfigurationList;
			buildConfigurations = (
				4B4B3E1527F1B5A2008B1652 /* Debug */,
				4B4B3E1627F1B5A2008B1652 /* Release */,
			);
			defaultConfigurationIsVisible = 0;
			defaultConfigurationName = Release;
		};
		4B4B3E1727F1B5A2008B1652 /* Build configuration list for PBXNativeTarget "LiveStreamingPracticeUITests" */ = {
			isa = XCConfigurationList;
			buildConfigurations = (
				4B4B3E1827F1B5A2008B1652 /* Debug */,
				4B4B3E1927F1B5A2008B1652 /* Release */,
			);
			defaultConfigurationIsVisible = 0;
			defaultConfigurationName = Release;
		};
/* End XCConfigurationList section */

/* Begin XCRemoteSwiftPackageReference section */
		4BC6CE5A27F2B2DE00964EA2 /* XCRemoteSwiftPackageReference "firebase-ios-sdk" */ = {
			isa = XCRemoteSwiftPackageReference;
			repositoryURL = "https://github.com/firebase/firebase-ios-sdk";
			requirement = {
				kind = upToNextMajorVersion;
				minimumVersion = 8.0.0;
			};
		};
		721C53162817E55000AA5930 /* XCRemoteSwiftPackageReference "Toast-Swift" */ = {
			isa = XCRemoteSwiftPackageReference;
			repositoryURL = "https://github.com/scalessec/Toast-Swift";
			requirement = {
				kind = upToNextMajorVersion;
				minimumVersion = 5.0.0;
			};
		};
/* End XCRemoteSwiftPackageReference section */

/* Begin XCSwiftPackageProductDependency section */
		721C53172817E55000AA5930 /* Toast */ = {
			isa = XCSwiftPackageProductDependency;
			package = 721C53162817E55000AA5930 /* XCRemoteSwiftPackageReference "Toast-Swift" */;
			productName = Toast;
		};
/* End XCSwiftPackageProductDependency section */
	};
	rootObject = 4B4B3DDF27F1B59D008B1652 /* Project object */;
}
